
Microsoft Visual Studio Solution File, Format Version 12.00
# Visual Studio 15
VisualStudioVersion = 15.0.28307.1321
MinimumVisualStudioVersion = 10.0.40219.1
Project("{FAE04EC0-301F-11D3-BF4B-00C04F79EFBC}") = "DutchTreat", "DutchTreat\DutchTreat.csproj", "{DA6407C5-DC92-43EC-9DCA-794E21A3DD6A}"
EndProject
Global
	GlobalSection(SolutionConfigurationPlatforms) = preSolution
		Debug|Any CPU = Debug|Any CPU
		Release|Any CPU = Release|Any CPU
	EndGlobalSection
	GlobalSection(ProjectConfigurationPlatforms) = postSolution
		{DA6407C5-DC92-43EC-9DCA-794E21A3DD6A}.Debug|Any CPU.ActiveCfg = Debug|Any CPU
		{DA6407C5-DC92-43EC-9DCA-794E21A3DD6A}.Debug|Any CPU.Build.0 = Debug|Any CPU
		{DA6407C5-DC92-43EC-9DCA-794E21A3DD6A}.Release|Any CPU.ActiveCfg = Release|Any CPU
		{DA6407C5-DC92-43EC-9DCA-794E21A3DD6A}.Release|Any CPU.Build.0 = Release|Any CPU
	EndGlobalSection
	GlobalSection(SolutionProperties) = preSolution
		HideSolutionNode = FALSE
	EndGlobalSection
	GlobalSection(ExtensibilityGlobals) = postSolution
		SolutionGuid = {29E1A32A-479C-4391-B4A3-3DEBC121B98B}
	EndGlobalSection
EndGlobal
